
Microsoft Visual Studio Solution File, Format Version 12.00
# Visual Studio 14
VisualStudioVersion = 14.0.24720.0
MinimumVisualStudioVersion = 10.0.40219.1
Project("{FAE04EC0-301F-11D3-BF4B-00C04F79EFBC}") = "Clase102", "Clase102\Clase102.csproj", "{BF1015C7-14FD-4881-8EE2-89D344D3D2EC}"
EndProject
Global
	GlobalSection(SolutionConfigurationPlatforms) = preSolution
		Debug|Any CPU = Debug|Any CPU
		Release|Any CPU = Release|Any CPU
	EndGlobalSection
	GlobalSection(ProjectConfigurationPlatforms) = postSolution
		{BF1015C7-14FD-4881-8EE2-89D344D3D2EC}.Debug|Any CPU.ActiveCfg = Debug|Any CPU
		{BF1015C7-14FD-4881-8EE2-89D344D3D2EC}.Debug|Any CPU.Build.0 = Debug|Any CPU
		{BF1015C7-14FD-4881-8EE2-89D344D3D2EC}.Release|Any CPU.ActiveCfg = Release|Any CPU
		{BF1015C7-14FD-4881-8EE2-89D344D3D2EC}.Release|Any CPU.Build.0 = Release|Any CPU
	EndGlobalSection
	GlobalSection(SolutionProperties) = preSolution
		HideSolutionNode = FALSE
	EndGlobalSection
EndGlobal
